
Microsoft Visual Studio Solution File, Format Version 12.00
# Visual Studio Version 18
VisualStudioVersion = 18.2.11415.280
MinimumVisualStudioVersion = 10.0.40219.1
Project("{FAE04EC0-301F-11D3-BF4B-00C04F79EFBC}") = "Axphi", "Axphi\Axphi.csproj", "{DF9F70E2-C675-40DC-B850-57E21AD9EAC6}"
EndProject
Project("{FAE04EC0-301F-11D3-BF4B-00C04F79EFBC}") = "Axphi.Tests", "Axphi.Tests\Axphi.Tests.csproj", "{9FD3A21C-CB5B-49F7-8837-9E0D58B567A5}"
EndProject
Global
	GlobalSection(SolutionConfigurationPlatforms) = preSolution
		Debug|Any CPU = Debug|Any CPU
		Debug|x64 = Debug|x64
		Debug|x86 = Debug|x86
		Release|Any CPU = Release|Any CPU
		Release|x64 = Release|x64
		Release|x86 = Release|x86
	EndGlobalSection
	GlobalSection(ProjectConfigurationPlatforms) = postSolution
		{DF9F70E2-C675-40DC-B850-57E21AD9EAC6}.Debug|Any CPU.ActiveCfg = Debug|Any CPU
		{DF9F70E2-C675-40DC-B850-57E21AD9EAC6}.Debug|Any CPU.Build.0 = Debug|Any CPU
		{DF9F70E2-C675-40DC-B850-57E21AD9EAC6}.Debug|x64.ActiveCfg = Debug|Any CPU
		{DF9F70E2-C675-40DC-B850-57E21AD9EAC6}.Debug|x64.Build.0 = Debug|Any CPU
		{DF9F70E2-C675-40DC-B850-57E21AD9EAC6}.Debug|x86.ActiveCfg = Debug|Any CPU
		{DF9F70E2-C675-40DC-B850-57E21AD9EAC6}.Debug|x86.Build.0 = Debug|Any CPU
		{DF9F70E2-C675-40DC-B850-57E21AD9EAC6}.Release|Any CPU.ActiveCfg = Release|Any CPU
		{DF9F70E2-C675-40DC-B850-57E21AD9EAC6}.Release|Any CPU.Build.0 = Release|Any CPU
		{DF9F70E2-C675-40DC-B850-57E21AD9EAC6}.Release|x64.ActiveCfg = Release|Any CPU
		{DF9F70E2-C675-40DC-B850-57E21AD9EAC6}.Release|x64.Build.0 = Release|Any CPU
		{DF9F70E2-C675-40DC-B850-57E21AD9EAC6}.Release|x86.ActiveCfg = Release|Any CPU
		{DF9F70E2-C675-40DC-B850-57E21AD9EAC6}.Release|x86.Build.0 = Release|Any CPU
		{9FD3A21C-CB5B-49F7-8837-9E0D58B567A5}.Debug|Any CPU.ActiveCfg = Debug|Any CPU
		{9FD3A21C-CB5B-49F7-8837-9E0D58B567A5}.Debug|Any CPU.Build.0 = Debug|Any CPU
		{9FD3A21C-CB5B-49F7-8837-9E0D58B567A5}.Debug|x64.ActiveCfg = Debug|Any CPU
		{9FD3A21C-CB5B-49F7-8837-9E0D58B567A5}.Debug|x64.Build.0 = Debug|Any CPU
		{9FD3A21C-CB5B-49F7-8837-9E0D58B567A5}.Debug|x86.ActiveCfg = Debug|Any CPU
		{9FD3A21C-CB5B-49F7-8837-9E0D58B567A5}.Debug|x86.Build.0 = Debug|Any CPU
		{9FD3A21C-CB5B-49F7-8837-9E0D58B567A5}.Release|Any CPU.ActiveCfg = Release|Any CPU
		{9FD3A21C-CB5B-49F7-8837-9E0D58B567A5}.Release|Any CPU.Build.0 = Release|Any CPU
		{9FD3A21C-CB5B-49F7-8837-9E0D58B567A5}.Release|x64.ActiveCfg = Release|Any CPU
		{9FD3A21C-CB5B-49F7-8837-9E0D58B567A5}.Release|x64.Build.0 = Release|Any CPU
		{9FD3A21C-CB5B-49F7-8837-9E0D58B567A5}.Release|x86.ActiveCfg = Release|Any CPU
		{9FD3A21C-CB5B-49F7-8837-9E0D58B567A5}.Release|x86.Build.0 = Release|Any CPU
	EndGlobalSection
	GlobalSection(SolutionProperties) = preSolution
		HideSolutionNode = FALSE
	EndGlobalSection
	GlobalSection(ExtensibilityGlobals) = postSolution
		SolutionGuid = {1F322082-AF67-4C78-B648-B5DBBAB92484}
	EndGlobalSection
EndGlobal
