
Microsoft Visual Studio Solution File, Format Version 12.00
# Visual Studio Version 18
VisualStudioVersion = 18.2.11415.280 d18.0
MinimumVisualStudioVersion = 10.0.40219.1
Project("{FAE04EC0-301F-11D3-BF4B-00C04F79EFBC}") = "Axphi", "Axphi\Axphi.csproj", "{DF9F70E2-C675-40DC-B850-57E21AD9EAC6}"
EndProject
Global
	GlobalSection(SolutionConfigurationPlatforms) = preSolution
		Debug|Any CPU = Debug|Any CPU
		Release|Any CPU = Release|Any CPU
	EndGlobalSection
	GlobalSection(ProjectConfigurationPlatforms) = postSolution
		{DF9F70E2-C675-40DC-B850-57E21AD9EAC6}.Debug|Any CPU.ActiveCfg = Debug|Any CPU
		{DF9F70E2-C675-40DC-B850-57E21AD9EAC6}.Debug|Any CPU.Build.0 = Debug|Any CPU
		{DF9F70E2-C675-40DC-B850-57E21AD9EAC6}.Release|Any CPU.ActiveCfg = Release|Any CPU
		{DF9F70E2-C675-40DC-B850-57E21AD9EAC6}.Release|Any CPU.Build.0 = Release|Any CPU
	EndGlobalSection
	GlobalSection(SolutionProperties) = preSolution
		HideSolutionNode = FALSE
	EndGlobalSection
	GlobalSection(ExtensibilityGlobals) = postSolution
		SolutionGuid = {1F322082-AF67-4C78-B648-B5DBBAB92484}
	EndGlobalSection
EndGlobal
